
Microsoft Visual Studio Solution File, Format Version 12.00
# Visual Studio Version 17
VisualStudioVersion = 17.12.35527.113
MinimumVisualStudioVersion = 10.0.40219.1
Project("{2150E333-8FDC-42A3-9474-1A3956D46DE8}") = "src", "src", "{F42B95CC-A1E9-445C-8385-0CA2A9532608}"
EndProject
Project("{2150E333-8FDC-42A3-9474-1A3956D46DE8}") = "tests", "tests", "{7EC10D11-3133-4879-9FEA-E7094AC32E5C}"
EndProject
Project("{FAE04EC0-301F-11D3-BF4B-00C04F79EFBC}") = "BergerDb.Domain", "src\BergerDb.Domain\BergerDb.Domain.csproj", "{E2480374-B6F0-4ABB-B622-B896473A8866}"
EndProject
Project("{FAE04EC0-301F-11D3-BF4B-00C04F79EFBC}") = "BergerDb.Persistanse", "src\BergerDb.Persistanse\BergerDb.Persistanse.csproj", "{85E46724-6472-4F63-AD9E-3BD13587787B}"
EndProject
Project("{FAE04EC0-301F-11D3-BF4B-00C04F79EFBC}") = "BergerDb.Application", "src\BergerDb.Application\BergerDb.Application.csproj", "{5EFDFE47-6E42-4F09-951C-DBAD5B6E694D}"
EndProject
Project("{FAE04EC0-301F-11D3-BF4B-00C04F79EFBC}") = "BergerDb.Shared", "src\BergerDb.Shared\BergerDb.Shared.csproj", "{513276BE-1885-440B-A2F1-2CAB0A514E04}"
EndProject
Project("{FAE04EC0-301F-11D3-BF4B-00C04F79EFBC}") = "BergerDb.Controls", "src\BergerDb.Controls\BergerDb.Controls.csproj", "{68939649-52F5-4E92-8EE7-415DE5751A5B}"
EndProject
Project("{FAE04EC0-301F-11D3-BF4B-00C04F79EFBC}") = "BergerDb.UI", "src\BergerDb.UI\BergerDb.UI.csproj", "{EA69AB8A-0A0D-4074-9367-1A088A0A0017}"
EndProject
Global
	GlobalSection(SolutionConfigurationPlatforms) = preSolution
		Debug|Any CPU = Debug|Any CPU
		Debug|x64 = Debug|x64
		Debug|x86 = Debug|x86
		Release|Any CPU = Release|Any CPU
		Release|x64 = Release|x64
		Release|x86 = Release|x86
	EndGlobalSection
	GlobalSection(ProjectConfigurationPlatforms) = postSolution
		{E2480374-B6F0-4ABB-B622-B896473A8866}.Debug|Any CPU.ActiveCfg = Debug|Any CPU
		{E2480374-B6F0-4ABB-B622-B896473A8866}.Debug|Any CPU.Build.0 = Debug|Any CPU
		{E2480374-B6F0-4ABB-B622-B896473A8866}.Debug|x64.ActiveCfg = Debug|Any CPU
		{E2480374-B6F0-4ABB-B622-B896473A8866}.Debug|x64.Build.0 = Debug|Any CPU
		{E2480374-B6F0-4ABB-B622-B896473A8866}.Debug|x86.ActiveCfg = Debug|Any CPU
		{E2480374-B6F0-4ABB-B622-B896473A8866}.Debug|x86.Build.0 = Debug|Any CPU
		{E2480374-B6F0-4ABB-B622-B896473A8866}.Release|Any CPU.ActiveCfg = Release|Any CPU
		{E2480374-B6F0-4ABB-B622-B896473A8866}.Release|Any CPU.Build.0 = Release|Any CPU
		{E2480374-B6F0-4ABB-B622-B896473A8866}.Release|x64.ActiveCfg = Release|Any CPU
		{E2480374-B6F0-4ABB-B622-B896473A8866}.Release|x64.Build.0 = Release|Any CPU
		{E2480374-B6F0-4ABB-B622-B896473A8866}.Release|x86.ActiveCfg = Release|Any CPU
		{E2480374-B6F0-4ABB-B622-B896473A8866}.Release|x86.Build.0 = Release|Any CPU
		{85E46724-6472-4F63-AD9E-3BD13587787B}.Debug|Any CPU.ActiveCfg = Debug|Any CPU
		{85E46724-6472-4F63-AD9E-3BD13587787B}.Debug|Any CPU.Build.0 = Debug|Any CPU
		{85E46724-6472-4F63-AD9E-3BD13587787B}.Debug|x64.ActiveCfg = Debug|Any CPU
		{85E46724-6472-4F63-AD9E-3BD13587787B}.Debug|x64.Build.0 = Debug|Any CPU
		{85E46724-6472-4F63-AD9E-3BD13587787B}.Debug|x86.ActiveCfg = Debug|Any CPU
		{85E46724-6472-4F63-AD9E-3BD13587787B}.Debug|x86.Build.0 = Debug|Any CPU
		{85E46724-6472-4F63-AD9E-3BD13587787B}.Release|Any CPU.ActiveCfg = Release|Any CPU
		{85E46724-6472-4F63-AD9E-3BD13587787B}.Release|Any CPU.Build.0 = Release|Any CPU
		{85E46724-6472-4F63-AD9E-3BD13587787B}.Release|x64.ActiveCfg = Release|Any CPU
		{85E46724-6472-4F63-AD9E-3BD13587787B}.Release|x64.Build.0 = Release|Any CPU
		{85E46724-6472-4F63-AD9E-3BD13587787B}.Release|x86.ActiveCfg = Release|Any CPU
		{85E46724-6472-4F63-AD9E-3BD13587787B}.Release|x86.Build.0 = Release|Any CPU
		{5EFDFE47-6E42-4F09-951C-DBAD5B6E694D}.Debug|Any CPU.ActiveCfg = Debug|Any CPU
		{5EFDFE47-6E42-4F09-951C-DBAD5B6E694D}.Debug|Any CPU.Build.0 = Debug|Any CPU
		{5EFDFE47-6E42-4F09-951C-DBAD5B6E694D}.Debug|x64.ActiveCfg = Debug|Any CPU
		{5EFDFE47-6E42-4F09-951C-DBAD5B6E694D}.Debug|x64.Build.0 = Debug|Any CPU
		{5EFDFE47-6E42-4F09-951C-DBAD5B6E694D}.Debug|x86.ActiveCfg = Debug|Any CPU
		{5EFDFE47-6E42-4F09-951C-DBAD5B6E694D}.Debug|x86.Build.0 = Debug|Any CPU
		{5EFDFE47-6E42-4F09-951C-DBAD5B6E694D}.Release|Any CPU.ActiveCfg = Release|Any CPU
		{5EFDFE47-6E42-4F09-951C-DBAD5B6E694D}.Release|Any CPU.Build.0 = Release|Any CPU
		{5EFDFE47-6E42-4F09-951C-DBAD5B6E694D}.Release|x64.ActiveCfg = Release|Any CPU
		{5EFDFE47-6E42-4F09-951C-DBAD5B6E694D}.Release|x64.Build.0 = Release|Any CPU
		{5EFDFE47-6E42-4F09-951C-DBAD5B6E694D}.Release|x86.ActiveCfg = Release|Any CPU
		{5EFDFE47-6E42-4F09-951C-DBAD5B6E694D}.Release|x86.Build.0 = Release|Any CPU
		{513276BE-1885-440B-A2F1-2CAB0A514E04}.Debug|Any CPU.ActiveCfg = Debug|Any CPU
		{513276BE-1885-440B-A2F1-2CAB0A514E04}.Debug|Any CPU.Build.0 = Debug|Any CPU
		{513276BE-1885-440B-A2F1-2CAB0A514E04}.Debug|x64.ActiveCfg = Debug|Any CPU
		{513276BE-1885-440B-A2F1-2CAB0A514E04}.Debug|x64.Build.0 = Debug|Any CPU
		{513276BE-1885-440B-A2F1-2CAB0A514E04}.Debug|x86.ActiveCfg = Debug|Any CPU
		{513276BE-1885-440B-A2F1-2CAB0A514E04}.Debug|x86.Build.0 = Debug|Any CPU
		{513276BE-1885-440B-A2F1-2CAB0A514E04}.Release|Any CPU.ActiveCfg = Release|Any CPU
		{513276BE-1885-440B-A2F1-2CAB0A514E04}.Release|Any CPU.Build.0 = Release|Any CPU
		{513276BE-1885-440B-A2F1-2CAB0A514E04}.Release|x64.ActiveCfg = Release|Any CPU
		{513276BE-1885-440B-A2F1-2CAB0A514E04}.Release|x64.Build.0 = Release|Any CPU
		{513276BE-1885-440B-A2F1-2CAB0A514E04}.Release|x86.ActiveCfg = Release|Any CPU
		{513276BE-1885-440B-A2F1-2CAB0A514E04}.Release|x86.Build.0 = Release|Any CPU
		{68939649-52F5-4E92-8EE7-415DE5751A5B}.Debug|Any CPU.ActiveCfg = Debug|Any CPU
		{68939649-52F5-4E92-8EE7-415DE5751A5B}.Debug|Any CPU.Build.0 = Debug|Any CPU
		{68939649-52F5-4E92-8EE7-415DE5751A5B}.Debug|x64.ActiveCfg = Debug|Any CPU
		{68939649-52F5-4E92-8EE7-415DE5751A5B}.Debug|x64.Build.0 = Debug|Any CPU
		{68939649-52F5-4E92-8EE7-415DE5751A5B}.Debug|x86.ActiveCfg = Debug|Any CPU
		{68939649-52F5-4E92-8EE7-415DE5751A5B}.Debug|x86.Build.0 = Debug|Any CPU
		{68939649-52F5-4E92-8EE7-415DE5751A5B}.Release|Any CPU.ActiveCfg = Release|Any CPU
		{68939649-52F5-4E92-8EE7-415DE5751A5B}.Release|Any CPU.Build.0 = Release|Any CPU
		{68939649-52F5-4E92-8EE7-415DE5751A5B}.Release|x64.ActiveCfg = Release|Any CPU
		{68939649-52F5-4E92-8EE7-415DE5751A5B}.Release|x64.Build.0 = Release|Any CPU
		{68939649-52F5-4E92-8EE7-415DE5751A5B}.Release|x86.ActiveCfg = Release|Any CPU
		{68939649-52F5-4E92-8EE7-415DE5751A5B}.Release|x86.Build.0 = Release|Any CPU
		{EA69AB8A-0A0D-4074-9367-1A088A0A0017}.Debug|Any CPU.ActiveCfg = Debug|Any CPU
		{EA69AB8A-0A0D-4074-9367-1A088A0A0017}.Debug|Any CPU.Build.0 = Debug|Any CPU
		{EA69AB8A-0A0D-4074-9367-1A088A0A0017}.Debug|Any CPU.Deploy.0 = Debug|Any CPU
		{EA69AB8A-0A0D-4074-9367-1A088A0A0017}.Debug|x64.ActiveCfg = Debug|Any CPU
		{EA69AB8A-0A0D-4074-9367-1A088A0A0017}.Debug|x64.Build.0 = Debug|Any CPU
		{EA69AB8A-0A0D-4074-9367-1A088A0A0017}.Debug|x86.ActiveCfg = Debug|Any CPU
		{EA69AB8A-0A0D-4074-9367-1A088A0A0017}.Debug|x86.Build.0 = Debug|Any CPU
		{EA69AB8A-0A0D-4074-9367-1A088A0A0017}.Release|Any CPU.ActiveCfg = Release|Any CPU
		{EA69AB8A-0A0D-4074-9367-1A088A0A0017}.Release|Any CPU.Build.0 = Release|Any CPU
		{EA69AB8A-0A0D-4074-9367-1A088A0A0017}.Release|x64.ActiveCfg = Release|Any CPU
		{EA69AB8A-0A0D-4074-9367-1A088A0A0017}.Release|x64.Build.0 = Release|Any CPU
		{EA69AB8A-0A0D-4074-9367-1A088A0A0017}.Release|x86.ActiveCfg = Release|Any CPU
		{EA69AB8A-0A0D-4074-9367-1A088A0A0017}.Release|x86.Build.0 = Release|Any CPU
	EndGlobalSection
	GlobalSection(SolutionProperties) = preSolution
		HideSolutionNode = FALSE
	EndGlobalSection
	GlobalSection(NestedProjects) = preSolution
		{E2480374-B6F0-4ABB-B622-B896473A8866} = {F42B95CC-A1E9-445C-8385-0CA2A9532608}
		{85E46724-6472-4F63-AD9E-3BD13587787B} = {F42B95CC-A1E9-445C-8385-0CA2A9532608}
		{5EFDFE47-6E42-4F09-951C-DBAD5B6E694D} = {F42B95CC-A1E9-445C-8385-0CA2A9532608}
		{513276BE-1885-440B-A2F1-2CAB0A514E04} = {F42B95CC-A1E9-445C-8385-0CA2A9532608}
		{68939649-52F5-4E92-8EE7-415DE5751A5B} = {F42B95CC-A1E9-445C-8385-0CA2A9532608}
		{EA69AB8A-0A0D-4074-9367-1A088A0A0017} = {F42B95CC-A1E9-445C-8385-0CA2A9532608}
	EndGlobalSection
EndGlobal
